<?xml version="1.0" encoding="utf-8"?>
<Project ToolsVersion="4.0" xmlns="http://schemas.microsoft.com/developer/msbuild/2003">
  <ItemGroup>
    <Filter Include="Source Files">
      <UniqueIdentifier>{4FC737F1-C7A5-4376-A066-2A32D752A2FF}</UniqueIdentifier>
      <Extensions>cpp;c;cc;cxx;def;odl;idl;hpj;bat;asm;asmx</Extensions>
    </Filter>
    <Filter Include="Header Files">
      <UniqueIdentifier>{93995380-89BD-4b04-88EB-625FBE52EBFB}</UniqueIdentifier>
      <Extensions>h;hh;hpp;hxx;hm;inl;inc;xsd</Extensions>
    </Filter>
    <Filter Include="Header Files\Containers">
      <UniqueIdentifier>{97c4111e-b102-4ba8-9053-6f07ccbbe3d4}</UniqueIdentifier>
    </Filter>
    <Filter Include="Header Files\Media">
      <UniqueIdentifier>{c1bc8da7-91fc-4cf9-a917-44fbd9024f4f}</UniqueIdentifier>
    </Filter>
    <Filter Include="Header Files\Visual">
      <UniqueIdentifier>{f1729b4b-bf80-4adf-a543-d1f9987cd4b9}</UniqueIdentifier>
    </Filter>
    <Filter Include="Header Files\Game">
      <UniqueIdentifier>{aabdd6be-860f-4743-bfd4-8ee302d7022d}</UniqueIdentifier>
    </Filter>
  </ItemGroup>
  <ItemGroup>
    <ClInclude Include="Application.h">
      <Filter>Header Files</Filter>
    </ClInclude>
    <ClInclude Include="Globals.h">
      <Filter>Header Files</Filter>
    </ClInclude>
    <ClInclude Include="Module.h">
      <Filter>Header Files</Filter>
    </ClInclude>
    <ClInclude Include="p2Point.h">
      <Filter>Header Files\Containers</Filter>
    </ClInclude>
    <ClInclude Include="p2DynArray.h">
      <Filter>Header Files\Containers</Filter>
    </ClInclude>
    <ClInclude Include="p2List.h">
      <Filter>Header Files\Containers</Filter>
    </ClInclude>
    <ClInclude Include="ModuleAudio.h">
      <Filter>Header Files\Media</Filter>
    </ClInclude>
    <ClInclude Include="ModuleRender.h">
      <Filter>Header Files\Visual</Filter>
    </ClInclude>
    <ClInclude Include="ModuleWindow.h">
      <Filter>Header Files\Visual</Filter>
    </ClInclude>
    <ClInclude Include="ModuleTextures.h">
      <Filter>Header Files\Visual</Filter>
    </ClInclude>
    <ClInclude Include="ModulePlayer.h">
      <Filter>Header Files\Game</Filter>
    </ClInclude>
    <ClInclude Include="ModuleSceneIntro.h">
      <Filter>Header Files\Game</Filter>
    </ClInclude>
    <ClInclude Include="ModuleInput.h">
      <Filter>Header Files\Media</Filter>
    </ClInclude>
    <ClInclude Include="ModulePhysics.h">
      <Filter>Header Files\Game</Filter>
    </ClInclude>
  </ItemGroup>
  <ItemGroup>
    <ClCompile Include="Main.cpp">
      <Filter>Source Files</Filter>
    </ClCompile>
    <ClCompile Include="log.cpp">
      <Filter>Source Files</Filter>
    </ClCompile>
    <ClCompile Include="Application.cpp">
      <Filter>Source Files</Filter>
    </ClCompile>
    <ClCompile Include="ModuleAudio.cpp">
      <Filter>Header Files\Media</Filter>
    </ClCompile>
    <ClCompile Include="ModuleWindow.cpp">
      <Filter>Header Files\Visual</Filter>
    </ClCompile>
    <ClCompile Include="ModuleTextures.cpp">
      <Filter>Header Files\Visual</Filter>
    </ClCompile>
    <ClCompile Include="ModuleRender.cpp">
      <Filter>Header Files\Visual</Filter>
    </ClCompile>
    <ClCompile Include="ModuleSceneIntro.cpp">
      <Filter>Header Files\Game</Filter>
    </ClCompile>
    <ClCompile Include="ModulePlayer.cpp">
      <Filter>Header Files\Game</Filter>
    </ClCompile>
    <ClCompile Include="ModuleInput.cpp">
      <Filter>Header Files\Media</Filter>
    </ClCompile>
    <ClCompile Include="ModulePhysics.cpp">
      <Filter>Header Files\Game</Filter>
    </ClCompile>
  </ItemGroup>
</Project>